
Microsoft Visual Studio Solution File, Format Version 12.00
# Visual Studio Version 17
VisualStudioVersion = 17.2.32317.152
MinimumVisualStudioVersion = 10.0.40219.1
Project("{FAE04EC0-301F-11D3-BF4B-00C04F79EFBC}") = "Device", "Device\Device.csproj", "{6494FD8A-DCE8-494D-A127-35E82900964C}"
EndProject
Project("{9A19103F-16F7-4668-BE54-9A1E7A4F7556}") = "Functions", "Functions\Functions.csproj", "{797D358C-7510-4849-AE44-4CEA9157E917}"
EndProject
Project("{FAE04EC0-301F-11D3-BF4B-00C04F79EFBC}") = "Web", "Web\Web.csproj", "{59DCC175-0E7E-45B8-BF4F-427F24F983D4}"
EndProject
Global
	GlobalSection(SolutionConfigurationPlatforms) = preSolution
		Debug|Any CPU = Debug|Any CPU
		Release|Any CPU = Release|Any CPU
	EndGlobalSection
	GlobalSection(ProjectConfigurationPlatforms) = postSolution
		{6494FD8A-DCE8-494D-A127-35E82900964C}.Debug|Any CPU.ActiveCfg = Debug|Any CPU
		{6494FD8A-DCE8-494D-A127-35E82900964C}.Debug|Any CPU.Build.0 = Debug|Any CPU
		{6494FD8A-DCE8-494D-A127-35E82900964C}.Release|Any CPU.ActiveCfg = Release|Any CPU
		{6494FD8A-DCE8-494D-A127-35E82900964C}.Release|Any CPU.Build.0 = Release|Any CPU
		{797D358C-7510-4849-AE44-4CEA9157E917}.Debug|Any CPU.ActiveCfg = Debug|Any CPU
		{797D358C-7510-4849-AE44-4CEA9157E917}.Debug|Any CPU.Build.0 = Debug|Any CPU
		{797D358C-7510-4849-AE44-4CEA9157E917}.Release|Any CPU.ActiveCfg = Release|Any CPU
		{797D358C-7510-4849-AE44-4CEA9157E917}.Release|Any CPU.Build.0 = Release|Any CPU
		{59DCC175-0E7E-45B8-BF4F-427F24F983D4}.Debug|Any CPU.ActiveCfg = Debug|Any CPU
		{59DCC175-0E7E-45B8-BF4F-427F24F983D4}.Debug|Any CPU.Build.0 = Debug|Any CPU
		{59DCC175-0E7E-45B8-BF4F-427F24F983D4}.Release|Any CPU.ActiveCfg = Release|Any CPU
		{59DCC175-0E7E-45B8-BF4F-427F24F983D4}.Release|Any CPU.Build.0 = Release|Any CPU
	EndGlobalSection
	GlobalSection(SolutionProperties) = preSolution
		HideSolutionNode = FALSE
	EndGlobalSection
	GlobalSection(ExtensibilityGlobals) = postSolution
		SolutionGuid = {0CAF95A3-91BE-405C-B573-7E769A9581FF}
	EndGlobalSection
EndGlobal
